
Microsoft Visual Studio Solution File, Format Version 12.00
# Visual Studio 14
VisualStudioVersion = 14.0.23107.0
MinimumVisualStudioVersion = 10.0.40219.1
Project("{FAE04EC0-301F-11D3-BF4B-00C04F79EFBC}") = "VenueSelectionSystem", "VenueSelectionSystem\VenueSelectionSystem.csproj", "{B41EC388-A95B-4C79-96B3-4646E4E4889D}"
EndProject
Global
	GlobalSection(SolutionConfigurationPlatforms) = preSolution
		Debug|Any CPU = Debug|Any CPU
		Release|Any CPU = Release|Any CPU
	EndGlobalSection
	GlobalSection(ProjectConfigurationPlatforms) = postSolution
		{B41EC388-A95B-4C79-96B3-4646E4E4889D}.Debug|Any CPU.ActiveCfg = Debug|Any CPU
		{B41EC388-A95B-4C79-96B3-4646E4E4889D}.Debug|Any CPU.Build.0 = Debug|Any CPU
		{B41EC388-A95B-4C79-96B3-4646E4E4889D}.Release|Any CPU.ActiveCfg = Release|Any CPU
		{B41EC388-A95B-4C79-96B3-4646E4E4889D}.Release|Any CPU.Build.0 = Release|Any CPU
	EndGlobalSection
	GlobalSection(SolutionProperties) = preSolution
		HideSolutionNode = FALSE
	EndGlobalSection
EndGlobal
